// !$*UTF8*$!
{
	archiveVersion = 1;
	classes = {
	};
	objectVersion = 56;
	objects = {

/* Begin PBXBuildFile section */
		35C947C62CEEB7392CF93092 /* Pods_PlaceholderSession.framework in Frameworks */ = {isa = PBXBuildFile; fileRef = F73B729855D858B71F736886 /* Pods_PlaceholderSession.framework */; };
		9DE7ECC72A2E3F6D00082670 /* AppDelegate.swift in Sources */ = {isa = PBXBuildFile; fileRef = 9DE7ECC62A2E3F6D00082670 /* AppDelegate.swift */; };
		9DE7ECC92A2E3F6D00082670 /* SceneDelegate.swift in Sources */ = {isa = PBXBuildFile; fileRef = 9DE7ECC82A2E3F6D00082670 /* SceneDelegate.swift */; };
		9DE7ECCB2A2E3F6D00082670 /* UsersVeiwController.swift in Sources */ = {isa = PBXBuildFile; fileRef = 9DE7ECCA2A2E3F6D00082670 /* UsersVeiwController.swift */; };
		9DE7ECD02A2E3F6E00082670 /* Assets.xcassets in Resources */ = {isa = PBXBuildFile; fileRef = 9DE7ECCF2A2E3F6E00082670 /* Assets.xcassets */; };
		9DE7ECD32A2E3F6E00082670 /* LaunchScreen.storyboard in Resources */ = {isa = PBXBuildFile; fileRef = 9DE7ECD12A2E3F6E00082670 /* LaunchScreen.storyboard */; };
		9DE7ECDF2A2F4DAC00082670 /* UsersModel.swift in Sources */ = {isa = PBXBuildFile; fileRef = 9DE7ECDE2A2F4DAC00082670 /* UsersModel.swift */; };
		9DE7ECE22A2F816000082670 /* ViewModel.swift in Sources */ = {isa = PBXBuildFile; fileRef = 9DE7ECE12A2F816000082670 /* ViewModel.swift */; };
		9DE7ECE62A2F8C1500082670 /* NetworkingManager.swift in Sources */ = {isa = PBXBuildFile; fileRef = 9DE7ECE52A2F8C1500082670 /* NetworkingManager.swift */; };
		9DE7ECEB2A2FD65A00082670 /* UserTableViewCell.swift in Sources */ = {isa = PBXBuildFile; fileRef = 9DE7ECE92A2FD65A00082670 /* UserTableViewCell.swift */; };
		9DE7ECEC2A2FD65A00082670 /* UserTableViewCell.xib in Resources */ = {isa = PBXBuildFile; fileRef = 9DE7ECEA2A2FD65A00082670 /* UserTableViewCell.xib */; };
/* End PBXBuildFile section */

/* Begin PBXFileReference section */
		70911E0C584A1EF9DC67945B /* Pods-PlaceholderSession.release.xcconfig */ = {isa = PBXFileReference; includeInIndex = 1; lastKnownFileType = text.xcconfig; name = "Pods-PlaceholderSession.release.xcconfig"; path = "Target Support Files/Pods-PlaceholderSession/Pods-PlaceholderSession.release.xcconfig"; sourceTree = "<group>"; };
		9DE7ECC32A2E3F6D00082670 /* PlaceholderSession.app */ = {isa = PBXFileReference; explicitFileType = wrapper.application; includeInIndex = 0; path = PlaceholderSession.app; sourceTree = BUILT_PRODUCTS_DIR; };
		9DE7ECC62A2E3F6D00082670 /* AppDelegate.swift */ = {isa = PBXFileReference; lastKnownFileType = sourcecode.swift; path = AppDelegate.swift; sourceTree = "<group>"; };
		9DE7ECC82A2E3F6D00082670 /* SceneDelegate.swift */ = {isa = PBXFileReference; lastKnownFileType = sourcecode.swift; path = SceneDelegate.swift; sourceTree = "<group>"; };
		9DE7ECCA2A2E3F6D00082670 /* UsersVeiwController.swift */ = {isa = PBXFileReference; lastKnownFileType = sourcecode.swift; path = UsersVeiwController.swift; sourceTree = "<group>"; };
		9DE7ECCF2A2E3F6E00082670 /* Assets.xcassets */ = {isa = PBXFileReference; lastKnownFileType = folder.assetcatalog; path = Assets.xcassets; sourceTree = "<group>"; };
		9DE7ECD22A2E3F6E00082670 /* Base */ = {isa = PBXFileReference; lastKnownFileType = file.storyboard; name = Base; path = Base.lproj/LaunchScreen.storyboard; sourceTree = "<group>"; };
		9DE7ECD42A2E3F6E00082670 /* Info.plist */ = {isa = PBXFileReference; lastKnownFileType = text.plist.xml; path = Info.plist; sourceTree = "<group>"; };
		9DE7ECDE2A2F4DAC00082670 /* UsersModel.swift */ = {isa = PBXFileReference; lastKnownFileType = sourcecode.swift; path = UsersModel.swift; sourceTree = "<group>"; };
		9DE7ECE12A2F816000082670 /* ViewModel.swift */ = {isa = PBXFileReference; lastKnownFileType = sourcecode.swift; path = ViewModel.swift; sourceTree = "<group>"; };
		9DE7ECE52A2F8C1500082670 /* NetworkingManager.swift */ = {isa = PBXFileReference; lastKnownFileType = sourcecode.swift; path = NetworkingManager.swift; sourceTree = "<group>"; };
		9DE7ECE92A2FD65A00082670 /* UserTableViewCell.swift */ = {isa = PBXFileReference; lastKnownFileType = sourcecode.swift; path = UserTableViewCell.swift; sourceTree = "<group>"; };
		9DE7ECEA2A2FD65A00082670 /* UserTableViewCell.xib */ = {isa = PBXFileReference; lastKnownFileType = file.xib; path = UserTableViewCell.xib; sourceTree = "<group>"; };
		B454222DBF36F0A5DD54386E /* Pods-PlaceholderSession.debug.xcconfig */ = {isa = PBXFileReference; includeInIndex = 1; lastKnownFileType = text.xcconfig; name = "Pods-PlaceholderSession.debug.xcconfig"; path = "Target Support Files/Pods-PlaceholderSession/Pods-PlaceholderSession.debug.xcconfig"; sourceTree = "<group>"; };
		F73B729855D858B71F736886 /* Pods_PlaceholderSession.framework */ = {isa = PBXFileReference; explicitFileType = wrapper.framework; includeInIndex = 0; path = Pods_PlaceholderSession.framework; sourceTree = BUILT_PRODUCTS_DIR; };
/* End PBXFileReference section */

/* Begin PBXFrameworksBuildPhase section */
		9DE7ECC02A2E3F6D00082670 /* Frameworks */ = {
			isa = PBXFrameworksBuildPhase;
			buildActionMask = 2147483647;
			files = (
				35C947C62CEEB7392CF93092 /* Pods_PlaceholderSession.framework in Frameworks */,
			);
			runOnlyForDeploymentPostprocessing = 0;
		};
/* End PBXFrameworksBuildPhase section */

/* Begin PBXGroup section */
		0F23FCE3633FB1549AB4FFB4 /* Pods */ = {
			isa = PBXGroup;
			children = (
				B454222DBF36F0A5DD54386E /* Pods-PlaceholderSession.debug.xcconfig */,
				70911E0C584A1EF9DC67945B /* Pods-PlaceholderSession.release.xcconfig */,
			);
			path = Pods;
			sourceTree = "<group>";
		};
		30941D4330A54B45A1CF9E02 /* Frameworks */ = {
			isa = PBXGroup;
			children = (
				F73B729855D858B71F736886 /* Pods_PlaceholderSession.framework */,
			);
			name = Frameworks;
			sourceTree = "<group>";
		};
		9DE7ECBA2A2E3F6D00082670 = {
			isa = PBXGroup;
			children = (
				9DE7ECC52A2E3F6D00082670 /* PlaceholderSession */,
				9DE7ECC42A2E3F6D00082670 /* Products */,
				0F23FCE3633FB1549AB4FFB4 /* Pods */,
				30941D4330A54B45A1CF9E02 /* Frameworks */,
			);
			sourceTree = "<group>";
		};
		9DE7ECC42A2E3F6D00082670 /* Products */ = {
			isa = PBXGroup;
			children = (
				9DE7ECC32A2E3F6D00082670 /* PlaceholderSession.app */,
			);
			name = Products;
			sourceTree = "<group>";
		};
		9DE7ECC52A2E3F6D00082670 /* PlaceholderSession */ = {
			isa = PBXGroup;
			children = (
				9DE7ECC62A2E3F6D00082670 /* AppDelegate.swift */,
				9DE7ECC82A2E3F6D00082670 /* SceneDelegate.swift */,
				9DE7ECE02A2F4DB500082670 /* ViewModel */,
				9DE7ECDD2A2F4D9B00082670 /* Model */,
				9DE7ECE72A2FD4E500082670 /* Views */,
				9DE7ECCF2A2E3F6E00082670 /* Assets.xcassets */,
				9DE7ECD12A2E3F6E00082670 /* LaunchScreen.storyboard */,
				9DE7ECD42A2E3F6E00082670 /* Info.plist */,
			);
			path = PlaceholderSession;
			sourceTree = "<group>";
		};
		9DE7ECDD2A2F4D9B00082670 /* Model */ = {
			isa = PBXGroup;
			children = (
				9DE7ECDE2A2F4DAC00082670 /* UsersModel.swift */,
			);
			path = Model;
			sourceTree = "<group>";
		};
		9DE7ECE02A2F4DB500082670 /* ViewModel */ = {
			isa = PBXGroup;
			children = (
				9DE7ECE12A2F816000082670 /* ViewModel.swift */,
				9DE7ECE52A2F8C1500082670 /* NetworkingManager.swift */,
			);
			path = ViewModel;
			sourceTree = "<group>";
		};
		9DE7ECE72A2FD4E500082670 /* Views */ = {
			isa = PBXGroup;
			children = (
				9DE7ECCA2A2E3F6D00082670 /* UsersVeiwController.swift */,
				9DE7ECE82A2FD62800082670 /* TableViewCell */,
			);
			path = Views;
			sourceTree = "<group>";
		};
		9DE7ECE82A2FD62800082670 /* TableViewCell */ = {
			isa = PBXGroup;
			children = (
				9DE7ECE92A2FD65A00082670 /* UserTableViewCell.swift */,
				9DE7ECEA2A2FD65A00082670 /* UserTableViewCell.xib */,
			);
			path = TableViewCell;
			sourceTree = "<group>";
		};
/* End PBXGroup section */

/* Begin PBXNativeTarget section */
		9DE7ECC22A2E3F6D00082670 /* PlaceholderSession */ = {
			isa = PBXNativeTarget;
			buildConfigurationList = 9DE7ECD72A2E3F6E00082670 /* Build configuration list for PBXNativeTarget "PlaceholderSession" */;
			buildPhases = (
				340393FDC72BECDA58766087 /* [CP] Check Pods Manifest.lock */,
				9DE7ECDA2A2E3FF900082670 /* R.Swift */,
				9DE7ECDC2A2E406400082670 /* SwiftLint */,
				9DE7ECBF2A2E3F6D00082670 /* Sources */,
				9DE7ECC02A2E3F6D00082670 /* Frameworks */,
				9DE7ECC12A2E3F6D00082670 /* Resources */,
				0630208904034C3A1F238413 /* [CP] Embed Pods Frameworks */,
				9DE7ECDB2A2E406100082670 /* ShellScript */,
			);
			buildRules = (
			);
			dependencies = (
			);
			name = PlaceholderSession;
			productName = PlaceholderSession;
			productReference = 9DE7ECC32A2E3F6D00082670 /* PlaceholderSession.app */;
			productType = "com.apple.product-type.application";
		};
/* End PBXNativeTarget section */

/* Begin PBXProject section */
		9DE7ECBB2A2E3F6D00082670 /* Project object */ = {
			isa = PBXProject;
			attributes = {
				BuildIndependentTargetsInParallel = 1;
				LastSwiftUpdateCheck = 1430;
				LastUpgradeCheck = 1430;
				TargetAttributes = {
					9DE7ECC22A2E3F6D00082670 = {
						CreatedOnToolsVersion = 14.3.1;
					};
				};
			};
			buildConfigurationList = 9DE7ECBE2A2E3F6D00082670 /* Build configuration list for PBXProject "PlaceholderSession" */;
			compatibilityVersion = "Xcode 14.0";
			developmentRegion = en;
			hasScannedForEncodings = 0;
			knownRegions = (
				en,
				Base,
			);
			mainGroup = 9DE7ECBA2A2E3F6D00082670;
			productRefGroup = 9DE7ECC42A2E3F6D00082670 /* Products */;
			projectDirPath = "";
			projectRoot = "";
			targets = (
				9DE7ECC22A2E3F6D00082670 /* PlaceholderSession */,
			);
		};
/* End PBXProject section */

/* Begin PBXResourcesBuildPhase section */
		9DE7ECC12A2E3F6D00082670 /* Resources */ = {
			isa = PBXResourcesBuildPhase;
			buildActionMask = 2147483647;
			files = (
				9DE7ECD32A2E3F6E00082670 /* LaunchScreen.storyboard in Resources */,
				9DE7ECEC2A2FD65A00082670 /* UserTableViewCell.xib in Resources */,
				9DE7ECD02A2E3F6E00082670 /* Assets.xcassets in Resources */,
			);
			runOnlyForDeploymentPostprocessing = 0;
		};
/* End PBXResourcesBuildPhase section */

/* Begin PBXShellScriptBuildPhase section */
		0630208904034C3A1F238413 /* [CP] Embed Pods Frameworks */ = {
			isa = PBXShellScriptBuildPhase;
			buildActionMask = 2147483647;
			files = (
			);
			inputFileListPaths = (
				"${PODS_ROOT}/Target Support Files/Pods-PlaceholderSession/Pods-PlaceholderSession-frameworks-${CONFIGURATION}-input-files.xcfilelist",
			);
			name = "[CP] Embed Pods Frameworks";
			outputFileListPaths = (
				"${PODS_ROOT}/Target Support Files/Pods-PlaceholderSession/Pods-PlaceholderSession-frameworks-${CONFIGURATION}-output-files.xcfilelist",
			);
			runOnlyForDeploymentPostprocessing = 0;
			shellPath = /bin/sh;
			shellScript = "\"${PODS_ROOT}/Target Support Files/Pods-PlaceholderSession/Pods-PlaceholderSession-frameworks.sh\"\n";
			showEnvVarsInLog = 0;
		};
		340393FDC72BECDA58766087 /* [CP] Check Pods Manifest.lock */ = {
			isa = PBXShellScriptBuildPhase;
			buildActionMask = 2147483647;
			files = (
			);
			inputFileListPaths = (
			);
			inputPaths = (
				"${PODS_PODFILE_DIR_PATH}/Podfile.lock",
				"${PODS_ROOT}/Manifest.lock",
			);
			name = "[CP] Check Pods Manifest.lock";
			outputFileListPaths = (
			);
			outputPaths = (
				"$(DERIVED_FILE_DIR)/Pods-PlaceholderSession-checkManifestLockResult.txt",
			);
			runOnlyForDeploymentPostprocessing = 0;
			shellPath = /bin/sh;
			shellScript = "diff \"${PODS_PODFILE_DIR_PATH}/Podfile.lock\" \"${PODS_ROOT}/Manifest.lock\" > /dev/null\nif [ $? != 0 ] ; then\n    # print error to STDERR\n    echo \"error: The sandbox is not in sync with the Podfile.lock. Run 'pod install' or update your CocoaPods installation.\" >&2\n    exit 1\nfi\n# This output is used by Xcode 'outputs' to avoid re-running this script phase.\necho \"SUCCESS\" > \"${SCRIPT_OUTPUT_FILE_0}\"\n";
			showEnvVarsInLog = 0;
		};
		9DE7ECDA2A2E3FF900082670 /* R.Swift */ = {
			isa = PBXShellScriptBuildPhase;
			alwaysOutOfDate = 1;
			buildActionMask = 2147483647;
			files = (
			);
			inputFileListPaths = (
			);
			inputPaths = (
			);
			name = R.Swift;
			outputFileListPaths = (
			);
			outputPaths = (
				$SRCROOT/R.generated.swift,
			);
			runOnlyForDeploymentPostprocessing = 0;
			shellPath = /bin/sh;
			shellScript = "\"$PODS_ROOT/R.swift/rswift\" generate \"$SRCROOT/R.generated.swift\"\n";
		};
		9DE7ECDB2A2E406100082670 /* ShellScript */ = {
			isa = PBXShellScriptBuildPhase;
			buildActionMask = 2147483647;
			files = (
			);
			inputFileListPaths = (
			);
			inputPaths = (
			);
			outputFileListPaths = (
			);
			outputPaths = (
			);
			runOnlyForDeploymentPostprocessing = 0;
			shellPath = /bin/sh;
			shellScript = "";
		};
		9DE7ECDC2A2E406400082670 /* SwiftLint */ = {
			isa = PBXShellScriptBuildPhase;
			alwaysOutOfDate = 1;
			buildActionMask = 2147483647;
			files = (
			);
			inputFileListPaths = (
			);
			inputPaths = (
			);
			name = SwiftLint;
			outputFileListPaths = (
			);
			outputPaths = (
			);
			runOnlyForDeploymentPostprocessing = 0;
			shellPath = /bin/sh;
			shellScript = "${PODS_ROOT}/SwiftLint/swiftlint\n";
		};
/* End PBXShellScriptBuildPhase section */

/* Begin PBXSourcesBuildPhase section */
		9DE7ECBF2A2E3F6D00082670 /* Sources */ = {
			isa = PBXSourcesBuildPhase;
			buildActionMask = 2147483647;
			files = (
				9DE7ECE22A2F816000082670 /* ViewModel.swift in Sources */,
				9DE7ECCB2A2E3F6D00082670 /* UsersVeiwController.swift in Sources */,
				9DE7ECEB2A2FD65A00082670 /* UserTableViewCell.swift in Sources */,
				9DE7ECC72A2E3F6D00082670 /* AppDelegate.swift in Sources */,
				9DE7ECE62A2F8C1500082670 /* NetworkingManager.swift in Sources */,
				9DE7ECDF2A2F4DAC00082670 /* UsersModel.swift in Sources */,
				9DE7ECC92A2E3F6D00082670 /* SceneDelegate.swift in Sources */,
			);
			runOnlyForDeploymentPostprocessing = 0;
		};
/* End PBXSourcesBuildPhase section */

/* Begin PBXVariantGroup section */
		9DE7ECD12A2E3F6E00082670 /* LaunchScreen.storyboard */ = {
			isa = PBXVariantGroup;
			children = (
				9DE7ECD22A2E3F6E00082670 /* Base */,
			);
			name = LaunchScreen.storyboard;
			sourceTree = "<group>";
		};
/* End PBXVariantGroup section */

/* Begin XCBuildConfiguration section */
		9DE7ECD52A2E3F6E00082670 /* Debug */ = {
			isa = XCBuildConfiguration;
			buildSettings = {
				ALWAYS_SEARCH_USER_PATHS = NO;
				CLANG_ANALYZER_NONNULL = YES;
				CLANG_ANALYZER_NUMBER_OBJECT_CONVERSION = YES_AGGRESSIVE;
				CLANG_CXX_LANGUAGE_STANDARD = "gnu++20";
				CLANG_ENABLE_MODULES = YES;
				CLANG_ENABLE_OBJC_ARC = YES;
				CLANG_ENABLE_OBJC_WEAK = YES;
				CLANG_WARN_BLOCK_CAPTURE_AUTORELEASING = YES;
				CLANG_WARN_BOOL_CONVERSION = YES;
				CLANG_WARN_COMMA = YES;
				CLANG_WARN_CONSTANT_CONVERSION = YES;
				CLANG_WARN_DEPRECATED_OBJC_IMPLEMENTATIONS = YES;
				CLANG_WARN_DIRECT_OBJC_ISA_USAGE = YES_ERROR;
				CLANG_WARN_DOCUMENTATION_COMMENTS = YES;
				CLANG_WARN_EMPTY_BODY = YES;
				CLANG_WARN_ENUM_CONVERSION = YES;
				CLANG_WARN_INFINITE_RECURSION = YES;
				CLANG_WARN_INT_CONVERSION = YES;
				CLANG_WARN_NON_LITERAL_NULL_CONVERSION = YES;
				CLANG_WARN_OBJC_IMPLICIT_RETAIN_SELF = YES;
				CLANG_WARN_OBJC_LITERAL_CONVERSION = YES;
				CLANG_WARN_OBJC_ROOT_CLASS = YES_ERROR;
				CLANG_WARN_QUOTED_INCLUDE_IN_FRAMEWORK_HEADER = YES;
				CLANG_WARN_RANGE_LOOP_ANALYSIS = YES;
				CLANG_WARN_STRICT_PROTOTYPES = YES;
				CLANG_WARN_SUSPICIOUS_MOVE = YES;
				CLANG_WARN_UNGUARDED_AVAILABILITY = YES_AGGRESSIVE;
				CLANG_WARN_UNREACHABLE_CODE = YES;
				CLANG_WARN__DUPLICATE_METHOD_MATCH = YES;
				COPY_PHASE_STRIP = NO;
				DEBUG_INFORMATION_FORMAT = dwarf;
				ENABLE_STRICT_OBJC_MSGSEND = YES;
				ENABLE_TESTABILITY = YES;
				GCC_C_LANGUAGE_STANDARD = gnu11;
				GCC_DYNAMIC_NO_PIC = NO;
				GCC_NO_COMMON_BLOCKS = YES;
				GCC_OPTIMIZATION_LEVEL = 0;
				GCC_PREPROCESSOR_DEFINITIONS = (
					"DEBUG=1",
					"$(inherited)",
				);
				GCC_WARN_64_TO_32_BIT_CONVERSION = YES;
				GCC_WARN_ABOUT_RETURN_TYPE = YES_ERROR;
				GCC_WARN_UNDECLARED_SELECTOR = YES;
				GCC_WARN_UNINITIALIZED_AUTOS = YES_AGGRESSIVE;
				GCC_WARN_UNUSED_FUNCTION = YES;
				GCC_WARN_UNUSED_VARIABLE = YES;
				IPHONEOS_DEPLOYMENT_TARGET = 16.4;
				MTL_ENABLE_DEBUG_INFO = INCLUDE_SOURCE;
				MTL_FAST_MATH = YES;
				ONLY_ACTIVE_ARCH = YES;
				SDKROOT = iphoneos;
				SWIFT_ACTIVE_COMPILATION_CONDITIONS = DEBUG;
				SWIFT_OPTIMIZATION_LEVEL = "-Onone";
			};
			name = Debug;
		};
		9DE7ECD62A2E3F6E00082670 /* Release */ = {
			isa = XCBuildConfiguration;
			buildSettings = {
				ALWAYS_SEARCH_USER_PATHS = NO;
				CLANG_ANALYZER_NONNULL = YES;
				CLANG_ANALYZER_NUMBER_OBJECT_CONVERSION = YES_AGGRESSIVE;
				CLANG_CXX_LANGUAGE_STANDARD = "gnu++20";
				CLANG_ENABLE_MODULES = YES;
				CLANG_ENABLE_OBJC_ARC = YES;
				CLANG_ENABLE_OBJC_WEAK = YES;
				CLANG_WARN_BLOCK_CAPTURE_AUTORELEASING = YES;
				CLANG_WARN_BOOL_CONVERSION = YES;
				CLANG_WARN_COMMA = YES;
				CLANG_WARN_CONSTANT_CONVERSION = YES;
				CLANG_WARN_DEPRECATED_OBJC_IMPLEMENTATIONS = YES;
				CLANG_WARN_DIRECT_OBJC_ISA_USAGE = YES_ERROR;
				CLANG_WARN_DOCUMENTATION_COMMENTS = YES;
				CLANG_WARN_EMPTY_BODY = YES;
				CLANG_WARN_ENUM_CONVERSION = YES;
				CLANG_WARN_INFINITE_RECURSION = YES;
				CLANG_WARN_INT_CONVERSION = YES;
				CLANG_WARN_NON_LITERAL_NULL_CONVERSION = YES;
				CLANG_WARN_OBJC_IMPLICIT_RETAIN_SELF = YES;
				CLANG_WARN_OBJC_LITERAL_CONVERSION = YES;
				CLANG_WARN_OBJC_ROOT_CLASS = YES_ERROR;
				CLANG_WARN_QUOTED_INCLUDE_IN_FRAMEWORK_HEADER = YES;
				CLANG_WARN_RANGE_LOOP_ANALYSIS = YES;
				CLANG_WARN_STRICT_PROTOTYPES = YES;
				CLANG_WARN_SUSPICIOUS_MOVE = YES;
				CLANG_WARN_UNGUARDED_AVAILABILITY = YES_AGGRESSIVE;
				CLANG_WARN_UNREACHABLE_CODE = YES;
				CLANG_WARN__DUPLICATE_METHOD_MATCH = YES;
				COPY_PHASE_STRIP = NO;
				DEBUG_INFORMATION_FORMAT = "dwarf-with-dsym";
				ENABLE_NS_ASSERTIONS = NO;
				ENABLE_STRICT_OBJC_MSGSEND = YES;
				GCC_C_LANGUAGE_STANDARD = gnu11;
				GCC_NO_COMMON_BLOCKS = YES;
				GCC_WARN_64_TO_32_BIT_CONVERSION = YES;
				GCC_WARN_ABOUT_RETURN_TYPE = YES_ERROR;
				GCC_WARN_UNDECLARED_SELECTOR = YES;
				GCC_WARN_UNINITIALIZED_AUTOS = YES_AGGRESSIVE;
				GCC_WARN_UNUSED_FUNCTION = YES;
				GCC_WARN_UNUSED_VARIABLE = YES;
				IPHONEOS_DEPLOYMENT_TARGET = 16.4;
				MTL_ENABLE_DEBUG_INFO = NO;
				MTL_FAST_MATH = YES;
				SDKROOT = iphoneos;
				SWIFT_COMPILATION_MODE = wholemodule;
				SWIFT_OPTIMIZATION_LEVEL = "-O";
				VALIDATE_PRODUCT = YES;
			};
			name = Release;
		};
		9DE7ECD82A2E3F6E00082670 /* Debug */ = {
			isa = XCBuildConfiguration;
			baseConfigurationReference = B454222DBF36F0A5DD54386E /* Pods-PlaceholderSession.debug.xcconfig */;
			buildSettings = {
				ASSETCATALOG_COMPILER_APPICON_NAME = AppIcon;
				ASSETCATALOG_COMPILER_GLOBAL_ACCENT_COLOR_NAME = AccentColor;
				CODE_SIGN_STYLE = Automatic;
				CURRENT_PROJECT_VERSION = 1;
				DEVELOPMENT_TEAM = PW6M6C34BW;
				GENERATE_INFOPLIST_FILE = YES;
				INFOPLIST_FILE = PlaceholderSession/Info.plist;
				INFOPLIST_KEY_UIApplicationSupportsIndirectInputEvents = YES;
				INFOPLIST_KEY_UILaunchStoryboardName = LaunchScreen;
				INFOPLIST_KEY_UISupportedInterfaceOrientations = UIInterfaceOrientationPortrait;
				INFOPLIST_KEY_UISupportedInterfaceOrientations_iPad = "UIInterfaceOrientationLandscapeLeft UIInterfaceOrientationLandscapeRight UIInterfaceOrientationPortrait UIInterfaceOrientationPortraitUpsideDown";
				IPHONEOS_DEPLOYMENT_TARGET = 14.0;
				LD_RUNPATH_SEARCH_PATHS = (
					"$(inherited)",
					"@executable_path/Frameworks",
				);
				MARKETING_VERSION = 1.0;
				PRODUCT_BUNDLE_IDENTIFIER = sad.PlaceholderSession;
				PRODUCT_NAME = "$(TARGET_NAME)";
				SWIFT_EMIT_LOC_STRINGS = YES;
				SWIFT_VERSION = 5.0;
				TARGETED_DEVICE_FAMILY = "1,2";
			};
			name = Debug;
		};
		9DE7ECD92A2E3F6E00082670 /* Release */ = {
			isa = XCBuildConfiguration;
			baseConfigurationReference = 70911E0C584A1EF9DC67945B /* Pods-PlaceholderSession.release.xcconfig */;
			buildSettings = {
				ASSETCATALOG_COMPILER_APPICON_NAME = AppIcon;
				ASSETCATALOG_COMPILER_GLOBAL_ACCENT_COLOR_NAME = AccentColor;
				CODE_SIGN_STYLE = Automatic;
				CURRENT_PROJECT_VERSION = 1;
				DEVELOPMENT_TEAM = PW6M6C34BW;
				GENERATE_INFOPLIST_FILE = YES;
				INFOPLIST_FILE = PlaceholderSession/Info.plist;
				INFOPLIST_KEY_UIApplicationSupportsIndirectInputEvents = YES;
				INFOPLIST_KEY_UILaunchStoryboardName = LaunchScreen;
				INFOPLIST_KEY_UISupportedInterfaceOrientations = UIInterfaceOrientationPortrait;
				INFOPLIST_KEY_UISupportedInterfaceOrientations_iPad = "UIInterfaceOrientationLandscapeLeft UIInterfaceOrientationLandscapeRight UIInterfaceOrientationPortrait UIInterfaceOrientationPortraitUpsideDown";
				IPHONEOS_DEPLOYMENT_TARGET = 14.0;
				LD_RUNPATH_SEARCH_PATHS = (
					"$(inherited)",
					"@executable_path/Frameworks",
				);
				MARKETING_VERSION = 1.0;
				PRODUCT_BUNDLE_IDENTIFIER = sad.PlaceholderSession;
				PRODUCT_NAME = "$(TARGET_NAME)";
				SWIFT_EMIT_LOC_STRINGS = YES;
				SWIFT_VERSION = 5.0;
				TARGETED_DEVICE_FAMILY = "1,2";
			};
			name = Release;
		};
/* End XCBuildConfiguration section */

/* Begin XCConfigurationList section */
		9DE7ECBE2A2E3F6D00082670 /* Build configuration list for PBXProject "PlaceholderSession" */ = {
			isa = XCConfigurationList;
			buildConfigurations = (
				9DE7ECD52A2E3F6E00082670 /* Debug */,
				9DE7ECD62A2E3F6E00082670 /* Release */,
			);
			defaultConfigurationIsVisible = 0;
			defaultConfigurationName = Release;
		};
		9DE7ECD72A2E3F6E00082670 /* Build configuration list for PBXNativeTarget "PlaceholderSession" */ = {
			isa = XCConfigurationList;
			buildConfigurations = (
				9DE7ECD82A2E3F6E00082670 /* Debug */,
				9DE7ECD92A2E3F6E00082670 /* Release */,
			);
			defaultConfigurationIsVisible = 0;
			defaultConfigurationName = Release;
		};
/* End XCConfigurationList section */
	};
	rootObject = 9DE7ECBB2A2E3F6D00082670 /* Project object */;
}
